{
	"name": "demo",
	"version": "1.0.2",
	"lockfileVersion": 1,
	"requires": true,
	"dependencies": {
		"postcss": {
			"version": "8.4.16",
			"resolved": "https://registry.npmjs.org/postcss/-/postcss-8.4.16.tgz",
			"integrity": "sha512-ipHE1XBvKzm5xI7hiHCZJCSugxvsdq2mPnsq5+UF+VHCjiBvtDrlxJfMBToWaP9D5XlgNmcFGqoHmUn0EYEaRQ==",
			"dev": true,
			"requires": {
				"nanoid": "^3.3.4",
				"picocolors": "^1.0.0",
				"source-map-js": "^1.0.2"
			},
			"dependencies": {
				"nanoid": {
					"version": "3.3.4",
					"resolved": "https://registry.npmjs.org/nanoid/-/nanoid-3.3.4.tgz",
					"integrity": "sha512-MqBkQh/OHTS2egovRtLk45wEyNXwF+cokD+1YPf9u5VfJiRdAiRwB2froX5Co9Rh20xs4siNPm8naNotSD6RBw==",
					"dev": true
				},
				"picocolors": {
					"version": "1.0.0",
					"resolved": "https://registry.npmjs.org/picocolors/-/picocolors-1.0.0.tgz",
					"integrity": "sha512-1fygroTLlHu66zi26VoTDv8yRgm0Fccecssto+MhsZ0D/DGW2sm8E8AjW7NU5VVTRt5GxbeZ5qBuJr+HyLYkjQ==",
					"dev": true
				},
				"source-map-js": {
					"version": "1.0.2",
					"resolved": "https://registry.npmjs.org/source-map-js/-/source-map-js-1.0.2.tgz",
					"integrity": "sha512-R0XvVJ9WusLiqTCEiGCmICCMplcCkIwwR11mOSD9CR5u+IXYdiseeEuXCVAjS54zqwkLcPNnmU4OeJ6tUrWhDw==",
					"dev": true
				}
			}
		}
	}
}
